<?xml version="1.0" encoding="UTF-8" standalone="yes" ?>
<CodeBlocks_project_file>
	<FileVersion major="1" minor="6" />
	<Project>
		<Option title="resources" />
		<Option pch_mode="2" />
		<Option compiler="gcc" />
		<Build>
			<Target title="Debug">
				<Option output="bin/Debug/resources" prefix_auto="1" extension_auto="1" />
				<Option object_output="obj/Debug/" />
				<Option type="1" />
				<Option compiler="gcc" />
				<Compiler>
					<Add option="-g" />
				</Compiler>
			</Target>
			<Target title="Release">
				<Option output="bin/Release/resources" prefix_auto="1" extension_auto="1" />
				<Option object_output="obj/Release/" />
				<Option type="1" />
				<Option compiler="gcc" />
				<Compiler>
					<Add option="-O2" />
				</Compiler>
				<Linker>
					<Add option="-s" />
				</Linker>
			</Target>
		</Build>
		<Compiler>
			<Add option="-Wall" />
		</Compiler>
		<Unit filename="Batiment Production/batiment/Ajout Batiment.c">
			<Option compilerVar="CC" />
		</Unit>
		<Unit filename="Batiment Production/batiment/Base.c">
			<Option compilerVar="CC" />
		</Unit>
		<Unit filename="Batiment Production/batiment/Gerer Batiment.c">
			<Option compilerVar="CC" />
		</Unit>
		<Unit filename="Batiment Production/batiment/Placement Batiment.c">
			<Option compilerVar="CC" />
		</Unit>
		<Unit filename="Batiment Production/initialisation.c">
			<Option compilerVar="CC" />
		</Unit>
		<Unit filename="Batiment Production/menu jeu et pause/menu jeu.c">
			<Option compilerVar="CC" />
		</Unit>
		<Unit filename="Batiment Production/menu jeu et pause/pause.c">
			<Option compilerVar="CC" />
		</Unit>
		<Unit filename="Batiment Production/menu jeu et pause/tutoriel.c">
			<Option compilerVar="CC" />
		</Unit>
		<Unit filename="Menu/AuxiliereMenu.c">
			<Option compilerVar="CC" />
		</Unit>
		<Unit filename="Menu/affichageMenu.c">
			<Option compilerVar="CC" />
		</Unit>
		<Unit filename="Online/connexion.c">
			<Option compilerVar="CC" />
		</Unit>
		<Unit filename="Online/socket.h" />
		<Unit filename="defense/affichage defense.c">
			<Option compilerVar="CC" />
		</Unit>
		<Unit filename="defense/defense.c">
			<Option compilerVar="CC" />
		</Unit>
		<Unit filename="defense/liste chainée defense.c">
			<Option compilerVar="CC" />
		</Unit>
		<Unit filename="ennemi/Affichage Ennemi.c">
			<Option compilerVar="CC" />
		</Unit>
		<Unit filename="ennemi/Animation ennemi.c">
			<Option compilerVar="CC" />
		</Unit>
		<Unit filename="ennemi/Gestion ennemi.c">
			<Option compilerVar="CC" />
		</Unit>
		<Unit filename="ennemi/Liste chainée ennemi.c">
			<Option compilerVar="CC" />
		</Unit>
		<Unit filename="icon.rc">
			<Option compilerVar="WINDRES" />
		</Unit>
		<Unit filename="jeu.c">
			<Option compilerVar="CC" />
		</Unit>
		<Unit filename="main.c">
			<Option compilerVar="CC" />
		</Unit>
		<Unit filename="prototypes.h" />
		<Unit filename="sauvegarde/SauvegardeFichier.c">
			<Option compilerVar="CC" />
		</Unit>
		<Unit filename="sauvegarde/recuperersav.c">
			<Option compilerVar="CC" />
		</Unit>
		<Unit filename="structures.h" />
		<Extensions>
			<code_completion />
			<envvars />
			<debugger />
			<lib_finder disable_auto="1" />
		</Extensions>
	</Project>
</CodeBlocks_project_file>
